
Microsoft Visual Studio Solution File, Format Version 12.00
# Visual Studio Version 17
VisualStudioVersion = 17.13.35818.85 d17.13
MinimumVisualStudioVersion = 10.0.40219.1
Project("{54A90642-561A-4BB1-A94E-469ADEE60C69}") = "apicore.client", "apicore.client\apicore.client.esproj", "{C26B967D-0FE4-7EF5-4836-0ACAD6FFAEDD}"
EndProject
Project("{FAE04EC0-301F-11D3-BF4B-00C04F79EFBC}") = "ApiCore.Server", "ApiCore.Server\ApiCore.Server.csproj", "{42A3434B-D2EC-464C-817A-625C2671618A}"
EndProject
Global
	GlobalSection(SolutionConfigurationPlatforms) = preSolution
		Debug|Any CPU = Debug|Any CPU
		Release|Any CPU = Release|Any CPU
	EndGlobalSection
	GlobalSection(ProjectConfigurationPlatforms) = postSolution
		{C26B967D-0FE4-7EF5-4836-0ACAD6FFAEDD}.Debug|Any CPU.ActiveCfg = Debug|Any CPU
		{C26B967D-0FE4-7EF5-4836-0ACAD6FFAEDD}.Debug|Any CPU.Build.0 = Debug|Any CPU
		{C26B967D-0FE4-7EF5-4836-0ACAD6FFAEDD}.Debug|Any CPU.Deploy.0 = Debug|Any CPU
		{C26B967D-0FE4-7EF5-4836-0ACAD6FFAEDD}.Release|Any CPU.ActiveCfg = Release|Any CPU
		{C26B967D-0FE4-7EF5-4836-0ACAD6FFAEDD}.Release|Any CPU.Build.0 = Release|Any CPU
		{C26B967D-0FE4-7EF5-4836-0ACAD6FFAEDD}.Release|Any CPU.Deploy.0 = Release|Any CPU
		{42A3434B-D2EC-464C-817A-625C2671618A}.Debug|Any CPU.ActiveCfg = Debug|Any CPU
		{42A3434B-D2EC-464C-817A-625C2671618A}.Debug|Any CPU.Build.0 = Debug|Any CPU
		{42A3434B-D2EC-464C-817A-625C2671618A}.Release|Any CPU.ActiveCfg = Release|Any CPU
		{42A3434B-D2EC-464C-817A-625C2671618A}.Release|Any CPU.Build.0 = Release|Any CPU
	EndGlobalSection
	GlobalSection(SolutionProperties) = preSolution
		HideSolutionNode = FALSE
	EndGlobalSection
	GlobalSection(ExtensibilityGlobals) = postSolution
		SolutionGuid = {38E485BD-4E6A-470F-9CBA-A3DB1150FC03}
	EndGlobalSection
EndGlobal
